
Microsoft Visual Studio Solution File, Format Version 12.00
# Visual Studio Version 17
VisualStudioVersion = 17.1.32210.238
MinimumVisualStudioVersion = 10.0.40219.1
Project("{FAE04EC0-301F-11D3-BF4B-00C04F79EFBC}") = "ChatApplication", "ChatApplication\ChatApplication.csproj", "{8D1D0FD0-0870-4E29-B02B-A586EA26949A}"
EndProject
Global
	GlobalSection(SolutionConfigurationPlatforms) = preSolution
		Debug|Any CPU = Debug|Any CPU
		Release|Any CPU = Release|Any CPU
	EndGlobalSection
	GlobalSection(ProjectConfigurationPlatforms) = postSolution
		{8D1D0FD0-0870-4E29-B02B-A586EA26949A}.Debug|Any CPU.ActiveCfg = Debug|Any CPU
		{8D1D0FD0-0870-4E29-B02B-A586EA26949A}.Debug|Any CPU.Build.0 = Debug|Any CPU
		{8D1D0FD0-0870-4E29-B02B-A586EA26949A}.Release|Any CPU.ActiveCfg = Release|Any CPU
		{8D1D0FD0-0870-4E29-B02B-A586EA26949A}.Release|Any CPU.Build.0 = Release|Any CPU
	EndGlobalSection
	GlobalSection(SolutionProperties) = preSolution
		HideSolutionNode = FALSE
	EndGlobalSection
	GlobalSection(ExtensibilityGlobals) = postSolution
		SolutionGuid = {1C4707F5-711E-45D5-BCDA-88D75D52C93D}
	EndGlobalSection
EndGlobal
